
Microsoft Visual Studio Solution File, Format Version 12.00
# Visual Studio Version 17
VisualStudioVersion = 17.14.36203.30 d17.14
MinimumVisualStudioVersion = 10.0.40219.1
Project("{FAE04EC0-301F-11D3-BF4B-00C04F79EFBC}") = "MikroClean.Domain", "MikroClean.Domain\MikroClean.Domain.csproj", "{5F91CA5C-9054-46D6-88EF-AECE2FC886AE}"
EndProject
Project("{FAE04EC0-301F-11D3-BF4B-00C04F79EFBC}") = "MikroClean.Infrastructure", "MikroClean.Infrastructure\MikroClean.Infrastructure.csproj", "{4DD45EAC-C3B5-44BC-839E-15C62FC68850}"
EndProject
Project("{FAE04EC0-301F-11D3-BF4B-00C04F79EFBC}") = "MikroClean.InversionOfControl", "MikroClean.InversionOfControl\MikroClean.InversionOfControl.csproj", "{B60A36A9-5F35-4354-8475-4D83472DFAFD}"
EndProject
Project("{FAE04EC0-301F-11D3-BF4B-00C04F79EFBC}") = "MikroClean.Application", "MikroClean.Application\MikroClean.Application.csproj", "{9F3D20A9-41EA-4AE3-8452-85859C6937C6}"
EndProject
Project("{FAE04EC0-301F-11D3-BF4B-00C04F79EFBC}") = "MikroClean.WebAPI", "MikroClean.WebAPI\MikroClean.WebAPI.csproj", "{12262F60-57A9-49AF-B026-A6B1FCC682CB}"
EndProject
Global
	GlobalSection(SolutionConfigurationPlatforms) = preSolution
		Debug|Any CPU = Debug|Any CPU
		Release|Any CPU = Release|Any CPU
	EndGlobalSection
	GlobalSection(ProjectConfigurationPlatforms) = postSolution
		{5F91CA5C-9054-46D6-88EF-AECE2FC886AE}.Debug|Any CPU.ActiveCfg = Debug|Any CPU
		{5F91CA5C-9054-46D6-88EF-AECE2FC886AE}.Debug|Any CPU.Build.0 = Debug|Any CPU
		{5F91CA5C-9054-46D6-88EF-AECE2FC886AE}.Release|Any CPU.ActiveCfg = Release|Any CPU
		{5F91CA5C-9054-46D6-88EF-AECE2FC886AE}.Release|Any CPU.Build.0 = Release|Any CPU
		{4DD45EAC-C3B5-44BC-839E-15C62FC68850}.Debug|Any CPU.ActiveCfg = Debug|Any CPU
		{4DD45EAC-C3B5-44BC-839E-15C62FC68850}.Debug|Any CPU.Build.0 = Debug|Any CPU
		{4DD45EAC-C3B5-44BC-839E-15C62FC68850}.Release|Any CPU.ActiveCfg = Release|Any CPU
		{4DD45EAC-C3B5-44BC-839E-15C62FC68850}.Release|Any CPU.Build.0 = Release|Any CPU
		{B60A36A9-5F35-4354-8475-4D83472DFAFD}.Debug|Any CPU.ActiveCfg = Debug|Any CPU
		{B60A36A9-5F35-4354-8475-4D83472DFAFD}.Debug|Any CPU.Build.0 = Debug|Any CPU
		{B60A36A9-5F35-4354-8475-4D83472DFAFD}.Release|Any CPU.ActiveCfg = Release|Any CPU
		{B60A36A9-5F35-4354-8475-4D83472DFAFD}.Release|Any CPU.Build.0 = Release|Any CPU
		{9F3D20A9-41EA-4AE3-8452-85859C6937C6}.Debug|Any CPU.ActiveCfg = Debug|Any CPU
		{9F3D20A9-41EA-4AE3-8452-85859C6937C6}.Debug|Any CPU.Build.0 = Debug|Any CPU
		{9F3D20A9-41EA-4AE3-8452-85859C6937C6}.Release|Any CPU.ActiveCfg = Release|Any CPU
		{9F3D20A9-41EA-4AE3-8452-85859C6937C6}.Release|Any CPU.Build.0 = Release|Any CPU
		{12262F60-57A9-49AF-B026-A6B1FCC682CB}.Debug|Any CPU.ActiveCfg = Debug|Any CPU
		{12262F60-57A9-49AF-B026-A6B1FCC682CB}.Debug|Any CPU.Build.0 = Debug|Any CPU
		{12262F60-57A9-49AF-B026-A6B1FCC682CB}.Release|Any CPU.ActiveCfg = Release|Any CPU
		{12262F60-57A9-49AF-B026-A6B1FCC682CB}.Release|Any CPU.Build.0 = Release|Any CPU
	EndGlobalSection
	GlobalSection(SolutionProperties) = preSolution
		HideSolutionNode = FALSE
	EndGlobalSection
	GlobalSection(ExtensibilityGlobals) = postSolution
		SolutionGuid = {1700F6EE-E6B8-4751-A40A-5D0A68F6A5F2}
	EndGlobalSection
EndGlobal
